// !$*UTF8*$!
{
	archiveVersion = 1;
	classes = {
	};
	objectVersion = 48;
	objects = {

/* Begin PBXBuildFile section */
		61AAB1C620009C3F0043BA83 /* RatingControl.swift in Sources */ = {isa = PBXBuildFile; fileRef = 61AAB1C520009C3F0043BA83 /* RatingControl.swift */; };
		61AEF5C4200194DF001E8363 /* MealTableViewController.swift in Sources */ = {isa = PBXBuildFile; fileRef = 61AEF5C3200194DF001E8363 /* MealTableViewController.swift */; };
		61C3E744200081CA00894B8F /* AppDelegate.swift in Sources */ = {isa = PBXBuildFile; fileRef = 61C3E743200081CA00894B8F /* AppDelegate.swift */; };
		61C3E746200081CA00894B8F /* MealViewController.swift in Sources */ = {isa = PBXBuildFile; fileRef = 61C3E745200081CA00894B8F /* MealViewController.swift */; };
		61C3E749200081CA00894B8F /* Main.storyboard in Resources */ = {isa = PBXBuildFile; fileRef = 61C3E747200081CA00894B8F /* Main.storyboard */; };
		61C3E74B200081CA00894B8F /* Assets.xcassets in Resources */ = {isa = PBXBuildFile; fileRef = 61C3E74A200081CA00894B8F /* Assets.xcassets */; };
		61C3E74E200081CA00894B8F /* LaunchScreen.storyboard in Resources */ = {isa = PBXBuildFile; fileRef = 61C3E74C200081CA00894B8F /* LaunchScreen.storyboard */; };
		61C3E759200081CB00894B8F /* FoodTrackerTests.swift in Sources */ = {isa = PBXBuildFile; fileRef = 61C3E758200081CB00894B8F /* FoodTrackerTests.swift */; };
		61E363EC2000B73300059089 /* Meal.swift in Sources */ = {isa = PBXBuildFile; fileRef = 61E363EB2000B73300059089 /* Meal.swift */; };
		61E363EE20017E4400059089 /* MealTableViewCell.swift in Sources */ = {isa = PBXBuildFile; fileRef = 61E363ED20017E4400059089 /* MealTableViewCell.swift */; };
/* End PBXBuildFile section */

/* Begin PBXContainerItemProxy section */
		61C3E755200081CB00894B8F /* PBXContainerItemProxy */ = {
			isa = PBXContainerItemProxy;
			containerPortal = 61C3E738200081CA00894B8F /* Project object */;
			proxyType = 1;
			remoteGlobalIDString = 61C3E73F200081CA00894B8F;
			remoteInfo = FoodTracker;
		};
/* End PBXContainerItemProxy section */

/* Begin PBXFileReference section */
		61AAB1C520009C3F0043BA83 /* RatingControl.swift */ = {isa = PBXFileReference; lastKnownFileType = sourcecode.swift; path = RatingControl.swift; sourceTree = "<group>"; };
		61AEF5C3200194DF001E8363 /* MealTableViewController.swift */ = {isa = PBXFileReference; lastKnownFileType = sourcecode.swift; path = MealTableViewController.swift; sourceTree = "<group>"; };
		61C3E740200081CA00894B8F /* FoodTracker.app */ = {isa = PBXFileReference; explicitFileType = wrapper.application; includeInIndex = 0; path = FoodTracker.app; sourceTree = BUILT_PRODUCTS_DIR; };
		61C3E743200081CA00894B8F /* AppDelegate.swift */ = {isa = PBXFileReference; lastKnownFileType = sourcecode.swift; path = AppDelegate.swift; sourceTree = "<group>"; };
		61C3E745200081CA00894B8F /* MealViewController.swift */ = {isa = PBXFileReference; lastKnownFileType = sourcecode.swift; path = MealViewController.swift; sourceTree = "<group>"; };
		61C3E748200081CA00894B8F /* Base */ = {isa = PBXFileReference; lastKnownFileType = file.storyboard; name = Base; path = Base.lproj/Main.storyboard; sourceTree = "<group>"; };
		61C3E74A200081CA00894B8F /* Assets.xcassets */ = {isa = PBXFileReference; lastKnownFileType = folder.assetcatalog; path = Assets.xcassets; sourceTree = "<group>"; };
		61C3E74D200081CA00894B8F /* Base */ = {isa = PBXFileReference; lastKnownFileType = file.storyboard; name = Base; path = Base.lproj/LaunchScreen.storyboard; sourceTree = "<group>"; };
		61C3E74F200081CA00894B8F /* Info.plist */ = {isa = PBXFileReference; lastKnownFileType = text.plist.xml; path = Info.plist; sourceTree = "<group>"; };
		61C3E754200081CB00894B8F /* FoodTrackerTests.xctest */ = {isa = PBXFileReference; explicitFileType = wrapper.cfbundle; includeInIndex = 0; path = FoodTrackerTests.xctest; sourceTree = BUILT_PRODUCTS_DIR; };
		61C3E758200081CB00894B8F /* FoodTrackerTests.swift */ = {isa = PBXFileReference; lastKnownFileType = sourcecode.swift; path = FoodTrackerTests.swift; sourceTree = "<group>"; };
		61C3E75A200081CB00894B8F /* Info.plist */ = {isa = PBXFileReference; lastKnownFileType = text.plist.xml; path = Info.plist; sourceTree = "<group>"; };
		61E363EB2000B73300059089 /* Meal.swift */ = {isa = PBXFileReference; lastKnownFileType = sourcecode.swift; path = Meal.swift; sourceTree = "<group>"; };
		61E363ED20017E4400059089 /* MealTableViewCell.swift */ = {isa = PBXFileReference; lastKnownFileType = sourcecode.swift; path = MealTableViewCell.swift; sourceTree = "<group>"; };
/* End PBXFileReference section */

/* Begin PBXFrameworksBuildPhase section */
		61C3E73D200081CA00894B8F /* Frameworks */ = {
			isa = PBXFrameworksBuildPhase;
			buildActionMask = 2147483647;
			files = (
			);
			runOnlyForDeploymentPostprocessing = 0;
		};
		61C3E751200081CB00894B8F /* Frameworks */ = {
			isa = PBXFrameworksBuildPhase;
			buildActionMask = 2147483647;
			files = (
			);
			runOnlyForDeploymentPostprocessing = 0;
		};
/* End PBXFrameworksBuildPhase section */

/* Begin PBXGroup section */
		61C3E737200081CA00894B8F = {
			isa = PBXGroup;
			children = (
				61C3E742200081CA00894B8F /* FoodTracker */,
				61C3E757200081CB00894B8F /* FoodTrackerTests */,
				61C3E741200081CA00894B8F /* Products */,
			);
			sourceTree = "<group>";
		};
		61C3E741200081CA00894B8F /* Products */ = {
			isa = PBXGroup;
			children = (
				61C3E740200081CA00894B8F /* FoodTracker.app */,
				61C3E754200081CB00894B8F /* FoodTrackerTests.xctest */,
			);
			name = Products;
			sourceTree = "<group>";
		};
		61C3E742200081CA00894B8F /* FoodTracker */ = {
			isa = PBXGroup;
			children = (
				61C3E743200081CA00894B8F /* AppDelegate.swift */,
				61C3E745200081CA00894B8F /* MealViewController.swift */,
				61AEF5C3200194DF001E8363 /* MealTableViewController.swift */,
				61E363ED20017E4400059089 /* MealTableViewCell.swift */,
				61E363EB2000B73300059089 /* Meal.swift */,
				61AAB1C520009C3F0043BA83 /* RatingControl.swift */,
				61C3E747200081CA00894B8F /* Main.storyboard */,
				61C3E74A200081CA00894B8F /* Assets.xcassets */,
				61C3E74C200081CA00894B8F /* LaunchScreen.storyboard */,
				61C3E74F200081CA00894B8F /* Info.plist */,
			);
			path = FoodTracker;
			sourceTree = "<group>";
		};
		61C3E757200081CB00894B8F /* FoodTrackerTests */ = {
			isa = PBXGroup;
			children = (
				61C3E758200081CB00894B8F /* FoodTrackerTests.swift */,
				61C3E75A200081CB00894B8F /* Info.plist */,
			);
			path = FoodTrackerTests;
			sourceTree = "<group>";
		};
/* End PBXGroup section */

/* Begin PBXNativeTarget section */
		61C3E73F200081CA00894B8F /* FoodTracker */ = {
			isa = PBXNativeTarget;
			buildConfigurationList = 61C3E75D200081CB00894B8F /* Build configuration list for PBXNativeTarget "FoodTracker" */;
			buildPhases = (
				61C3E73C200081CA00894B8F /* Sources */,
				61C3E73D200081CA00894B8F /* Frameworks */,
				61C3E73E200081CA00894B8F /* Resources */,
			);
			buildRules = (
			);
			dependencies = (
			);
			name = FoodTracker;
			productName = FoodTracker;
			productReference = 61C3E740200081CA00894B8F /* FoodTracker.app */;
			productType = "com.apple.product-type.application";
		};
		61C3E753200081CB00894B8F /* FoodTrackerTests */ = {
			isa = PBXNativeTarget;
			buildConfigurationList = 61C3E760200081CB00894B8F /* Build configuration list for PBXNativeTarget "FoodTrackerTests" */;
			buildPhases = (
				61C3E750200081CB00894B8F /* Sources */,
				61C3E751200081CB00894B8F /* Frameworks */,
				61C3E752200081CB00894B8F /* Resources */,
			);
			buildRules = (
			);
			dependencies = (
				61C3E756200081CB00894B8F /* PBXTargetDependency */,
			);
			name = FoodTrackerTests;
			productName = FoodTrackerTests;
			productReference = 61C3E754200081CB00894B8F /* FoodTrackerTests.xctest */;
			productType = "com.apple.product-type.bundle.unit-test";
		};
/* End PBXNativeTarget section */

/* Begin PBXProject section */
		61C3E738200081CA00894B8F /* Project object */ = {
			isa = PBXProject;
			attributes = {
				LastSwiftUpdateCheck = 0920;
				LastUpgradeCheck = 0920;
				ORGANIZATIONNAME = "Isidore Baldado";
				TargetAttributes = {
					61C3E73F200081CA00894B8F = {
						CreatedOnToolsVersion = 9.2;
						ProvisioningStyle = Automatic;
					};
					61C3E753200081CB00894B8F = {
						CreatedOnToolsVersion = 9.2;
						ProvisioningStyle = Automatic;
						TestTargetID = 61C3E73F200081CA00894B8F;
					};
				};
			};
			buildConfigurationList = 61C3E73B200081CA00894B8F /* Build configuration list for PBXProject "FoodTracker" */;
			compatibilityVersion = "Xcode 8.0";
			developmentRegion = en;
			hasScannedForEncodings = 0;
			knownRegions = (
				en,
				Base,
			);
			mainGroup = 61C3E737200081CA00894B8F;
			productRefGroup = 61C3E741200081CA00894B8F /* Products */;
			projectDirPath = "";
			projectRoot = "";
			targets = (
				61C3E73F200081CA00894B8F /* FoodTracker */,
				61C3E753200081CB00894B8F /* FoodTrackerTests */,
			);
		};
/* End PBXProject section */

/* Begin PBXResourcesBuildPhase section */
		61C3E73E200081CA00894B8F /* Resources */ = {
			isa = PBXResourcesBuildPhase;
			buildActionMask = 2147483647;
			files = (
				61C3E74E200081CA00894B8F /* LaunchScreen.storyboard in Resources */,
				61C3E74B200081CA00894B8F /* Assets.xcassets in Resources */,
				61C3E749200081CA00894B8F /* Main.storyboard in Resources */,
			);
			runOnlyForDeploymentPostprocessing = 0;
		};
		61C3E752200081CB00894B8F /* Resources */ = {
			isa = PBXResourcesBuildPhase;
			buildActionMask = 2147483647;
			files = (
			);
			runOnlyForDeploymentPostprocessing = 0;
		};
/* End PBXResourcesBuildPhase section */

/* Begin PBXSourcesBuildPhase section */
		61C3E73C200081CA00894B8F /* Sources */ = {
			isa = PBXSourcesBuildPhase;
			buildActionMask = 2147483647;
			files = (
				61E363EC2000B73300059089 /* Meal.swift in Sources */,
				61C3E746200081CA00894B8F /* MealViewController.swift in Sources */,
				61AAB1C620009C3F0043BA83 /* RatingControl.swift in Sources */,
				61C3E744200081CA00894B8F /* AppDelegate.swift in Sources */,
				61AEF5C4200194DF001E8363 /* MealTableViewController.swift in Sources */,
				61E363EE20017E4400059089 /* MealTableViewCell.swift in Sources */,
			);
			runOnlyForDeploymentPostprocessing = 0;
		};
		61C3E750200081CB00894B8F /* Sources */ = {
			isa = PBXSourcesBuildPhase;
			buildActionMask = 2147483647;
			files = (
				61C3E759200081CB00894B8F /* FoodTrackerTests.swift in Sources */,
			);
			runOnlyForDeploymentPostprocessing = 0;
		};
/* End PBXSourcesBuildPhase section */

/* Begin PBXTargetDependency section */
		61C3E756200081CB00894B8F /* PBXTargetDependency */ = {
			isa = PBXTargetDependency;
			target = 61C3E73F200081CA00894B8F /* FoodTracker */;
			targetProxy = 61C3E755200081CB00894B8F /* PBXContainerItemProxy */;
		};
/* End PBXTargetDependency section */

/* Begin PBXVariantGroup section */
		61C3E747200081CA00894B8F /* Main.storyboard */ = {
			isa = PBXVariantGroup;
			children = (
				61C3E748200081CA00894B8F /* Base */,
			);
			name = Main.storyboard;
			sourceTree = "<group>";
		};
		61C3E74C200081CA00894B8F /* LaunchScreen.storyboard */ = {
			isa = PBXVariantGroup;
			children = (
				61C3E74D200081CA00894B8F /* Base */,
			);
			name = LaunchScreen.storyboard;
			sourceTree = "<group>";
		};
/* End PBXVariantGroup section */

/* Begin XCBuildConfiguration section */
		61C3E75B200081CB00894B8F /* Debug */ = {
			isa = XCBuildConfiguration;
			buildSettings = {
				ALWAYS_SEARCH_USER_PATHS = NO;
				CLANG_ANALYZER_NONNULL = YES;
				CLANG_ANALYZER_NUMBER_OBJECT_CONVERSION = YES_AGGRESSIVE;
				CLANG_CXX_LANGUAGE_STANDARD = "gnu++14";
				CLANG_CXX_LIBRARY = "libc++";
				CLANG_ENABLE_MODULES = YES;
				CLANG_ENABLE_OBJC_ARC = YES;
				CLANG_WARN_BLOCK_CAPTURE_AUTORELEASING = YES;
				CLANG_WARN_BOOL_CONVERSION = YES;
				CLANG_WARN_COMMA = YES;
				CLANG_WARN_CONSTANT_CONVERSION = YES;
				CLANG_WARN_DIRECT_OBJC_ISA_USAGE = YES_ERROR;
				CLANG_WARN_DOCUMENTATION_COMMENTS = YES;
				CLANG_WARN_EMPTY_BODY = YES;
				CLANG_WARN_ENUM_CONVERSION = YES;
				CLANG_WARN_INFINITE_RECURSION = YES;
				CLANG_WARN_INT_CONVERSION = YES;
				CLANG_WARN_NON_LITERAL_NULL_CONVERSION = YES;
				CLANG_WARN_OBJC_LITERAL_CONVERSION = YES;
				CLANG_WARN_OBJC_ROOT_CLASS = YES_ERROR;
				CLANG_WARN_RANGE_LOOP_ANALYSIS = YES;
				CLANG_WARN_STRICT_PROTOTYPES = YES;
				CLANG_WARN_SUSPICIOUS_MOVE = YES;
				CLANG_WARN_UNGUARDED_AVAILABILITY = YES_AGGRESSIVE;
				CLANG_WARN_UNREACHABLE_CODE = YES;
				CLANG_WARN__DUPLICATE_METHOD_MATCH = YES;
				CODE_SIGN_IDENTITY = "iPhone Developer";
				COPY_PHASE_STRIP = NO;
				DEBUG_INFORMATION_FORMAT = dwarf;
				ENABLE_STRICT_OBJC_MSGSEND = YES;
				ENABLE_TESTABILITY = YES;
				GCC_C_LANGUAGE_STANDARD = gnu11;
				GCC_DYNAMIC_NO_PIC = NO;
				GCC_NO_COMMON_BLOCKS = YES;
				GCC_OPTIMIZATION_LEVEL = 0;
				GCC_PREPROCESSOR_DEFINITIONS = (
					"DEBUG=1",
					"$(inherited)",
				);
				GCC_WARN_64_TO_32_BIT_CONVERSION = YES;
				GCC_WARN_ABOUT_RETURN_TYPE = YES_ERROR;
				GCC_WARN_UNDECLARED_SELECTOR = YES;
				GCC_WARN_UNINITIALIZED_AUTOS = YES_AGGRESSIVE;
				GCC_WARN_UNUSED_FUNCTION = YES;
				GCC_WARN_UNUSED_VARIABLE = YES;
				IPHONEOS_DEPLOYMENT_TARGET = 11.2;
				MTL_ENABLE_DEBUG_INFO = YES;
				ONLY_ACTIVE_ARCH = YES;
				SDKROOT = iphoneos;
				SWIFT_ACTIVE_COMPILATION_CONDITIONS = DEBUG;
				SWIFT_OPTIMIZATION_LEVEL = "-Onone";
			};
			name = Debug;
		};
		61C3E75C200081CB00894B8F /* Release */ = {
			isa = XCBuildConfiguration;
			buildSettings = {
				ALWAYS_SEARCH_USER_PATHS = NO;
				CLANG_ANALYZER_NONNULL = YES;
				CLANG_ANALYZER_NUMBER_OBJECT_CONVERSION = YES_AGGRESSIVE;
				CLANG_CXX_LANGUAGE_STANDARD = "gnu++14";
				CLANG_CXX_LIBRARY = "libc++";
				CLANG_ENABLE_MODULES = YES;
				CLANG_ENABLE_OBJC_ARC = YES;
				CLANG_WARN_BLOCK_CAPTURE_AUTORELEASING = YES;
				CLANG_WARN_BOOL_CONVERSION = YES;
				CLANG_WARN_COMMA = YES;
				CLANG_WARN_CONSTANT_CONVERSION = YES;
				CLANG_WARN_DIRECT_OBJC_ISA_USAGE = YES_ERROR;
				CLANG_WARN_DOCUMENTATION_COMMENTS = YES;
				CLANG_WARN_EMPTY_BODY = YES;
				CLANG_WARN_ENUM_CONVERSION = YES;
				CLANG_WARN_INFINITE_RECURSION = YES;
				CLANG_WARN_INT_CONVERSION = YES;
				CLANG_WARN_NON_LITERAL_NULL_CONVERSION = YES;
				CLANG_WARN_OBJC_LITERAL_CONVERSION = YES;
				CLANG_WARN_OBJC_ROOT_CLASS = YES_ERROR;
				CLANG_WARN_RANGE_LOOP_ANALYSIS = YES;
				CLANG_WARN_STRICT_PROTOTYPES = YES;
				CLANG_WARN_SUSPICIOUS_MOVE = YES;
				CLANG_WARN_UNGUARDED_AVAILABILITY = YES_AGGRESSIVE;
				CLANG_WARN_UNREACHABLE_CODE = YES;
				CLANG_WARN__DUPLICATE_METHOD_MATCH = YES;
				CODE_SIGN_IDENTITY = "iPhone Developer";
				COPY_PHASE_STRIP = NO;
				DEBUG_INFORMATION_FORMAT = "dwarf-with-dsym";
				ENABLE_NS_ASSERTIONS = NO;
				ENABLE_STRICT_OBJC_MSGSEND = YES;
				GCC_C_LANGUAGE_STANDARD = gnu11;
				GCC_NO_COMMON_BLOCKS = YES;
				GCC_WARN_64_TO_32_BIT_CONVERSION = YES;
				GCC_WARN_ABOUT_RETURN_TYPE = YES_ERROR;
				GCC_WARN_UNDECLARED_SELECTOR = YES;
				GCC_WARN_UNINITIALIZED_AUTOS = YES_AGGRESSIVE;
				GCC_WARN_UNUSED_FUNCTION = YES;
				GCC_WARN_UNUSED_VARIABLE = YES;
				IPHONEOS_DEPLOYMENT_TARGET = 11.2;
				MTL_ENABLE_DEBUG_INFO = NO;
				SDKROOT = iphoneos;
				SWIFT_OPTIMIZATION_LEVEL = "-Owholemodule";
				VALIDATE_PRODUCT = YES;
			};
			name = Release;
		};
		61C3E75E200081CB00894B8F /* Debug */ = {
			isa = XCBuildConfiguration;
			buildSettings = {
				ASSETCATALOG_COMPILER_APPICON_NAME = AppIcon;
				CODE_SIGN_STYLE = Automatic;
				DEVELOPMENT_TEAM = YVQ744N8K5;
				INFOPLIST_FILE = FoodTracker/Info.plist;
				LD_RUNPATH_SEARCH_PATHS = "$(inherited) @executable_path/Frameworks";
				PRODUCT_BUNDLE_IDENTIFIER = Isidore.FoodTracker;
				PRODUCT_NAME = "$(TARGET_NAME)";
				SWIFT_VERSION = 4.0;
				TARGETED_DEVICE_FAMILY = "1,2";
			};
			name = Debug;
		};
		61C3E75F200081CB00894B8F /* Release */ = {
			isa = XCBuildConfiguration;
			buildSettings = {
				ASSETCATALOG_COMPILER_APPICON_NAME = AppIcon;
				CODE_SIGN_STYLE = Automatic;
				DEVELOPMENT_TEAM = YVQ744N8K5;
				INFOPLIST_FILE = FoodTracker/Info.plist;
				LD_RUNPATH_SEARCH_PATHS = "$(inherited) @executable_path/Frameworks";
				PRODUCT_BUNDLE_IDENTIFIER = Isidore.FoodTracker;
				PRODUCT_NAME = "$(TARGET_NAME)";
				SWIFT_VERSION = 4.0;
				TARGETED_DEVICE_FAMILY = "1,2";
			};
			name = Release;
		};
		61C3E761200081CB00894B8F /* Debug */ = {
			isa = XCBuildConfiguration;
			buildSettings = {
				ALWAYS_EMBED_SWIFT_STANDARD_LIBRARIES = YES;
				BUNDLE_LOADER = "$(TEST_HOST)";
				CODE_SIGN_STYLE = Automatic;
				DEVELOPMENT_TEAM = YVQ744N8K5;
				INFOPLIST_FILE = FoodTrackerTests/Info.plist;
				LD_RUNPATH_SEARCH_PATHS = "$(inherited) @executable_path/Frameworks @loader_path/Frameworks";
				PRODUCT_BUNDLE_IDENTIFIER = Isidore.FoodTrackerTests;
				PRODUCT_NAME = "$(TARGET_NAME)";
				SWIFT_VERSION = 4.0;
				TARGETED_DEVICE_FAMILY = "1,2";
				TEST_HOST = "$(BUILT_PRODUCTS_DIR)/FoodTracker.app/FoodTracker";
			};
			name = Debug;
		};
		61C3E762200081CB00894B8F /* Release */ = {
			isa = XCBuildConfiguration;
			buildSettings = {
				ALWAYS_EMBED_SWIFT_STANDARD_LIBRARIES = YES;
				BUNDLE_LOADER = "$(TEST_HOST)";
				CODE_SIGN_STYLE = Automatic;
				DEVELOPMENT_TEAM = YVQ744N8K5;
				INFOPLIST_FILE = FoodTrackerTests/Info.plist;
				LD_RUNPATH_SEARCH_PATHS = "$(inherited) @executable_path/Frameworks @loader_path/Frameworks";
				PRODUCT_BUNDLE_IDENTIFIER = Isidore.FoodTrackerTests;
				PRODUCT_NAME = "$(TARGET_NAME)";
				SWIFT_VERSION = 4.0;
				TARGETED_DEVICE_FAMILY = "1,2";
				TEST_HOST = "$(BUILT_PRODUCTS_DIR)/FoodTracker.app/FoodTracker";
			};
			name = Release;
		};
/* End XCBuildConfiguration section */

/* Begin XCConfigurationList section */
		61C3E73B200081CA00894B8F /* Build configuration list for PBXProject "FoodTracker" */ = {
			isa = XCConfigurationList;
			buildConfigurations = (
				61C3E75B200081CB00894B8F /* Debug */,
				61C3E75C200081CB00894B8F /* Release */,
			);
			defaultConfigurationIsVisible = 0;
			defaultConfigurationName = Release;
		};
		61C3E75D200081CB00894B8F /* Build configuration list for PBXNativeTarget "FoodTracker" */ = {
			isa = XCConfigurationList;
			buildConfigurations = (
				61C3E75E200081CB00894B8F /* Debug */,
				61C3E75F200081CB00894B8F /* Release */,
			);
			defaultConfigurationIsVisible = 0;
			defaultConfigurationName = Release;
		};
		61C3E760200081CB00894B8F /* Build configuration list for PBXNativeTarget "FoodTrackerTests" */ = {
			isa = XCConfigurationList;
			buildConfigurations = (
				61C3E761200081CB00894B8F /* Debug */,
				61C3E762200081CB00894B8F /* Release */,
			);
			defaultConfigurationIsVisible = 0;
			defaultConfigurationName = Release;
		};
/* End XCConfigurationList section */
	};
	rootObject = 61C3E738200081CA00894B8F /* Project object */;
}
